
Microsoft Visual Studio Solution File, Format Version 12.00
# Visual Studio Version 17
VisualStudioVersion = 17.6.33829.357
MinimumVisualStudioVersion = 10.0.40219.1
Project("{F184B08F-C81C-45F6-A57F-5ABD9991F28F}") = "AplikasiKasirrrrrr", "AplikasiKasirrrrrr.vbproj", "{EAF97D2F-8711-4EA6-822E-3EA2563F552D}"
EndProject
Global
	GlobalSection(SolutionConfigurationPlatforms) = preSolution
		Debug|Any CPU = Debug|Any CPU
		Release|Any CPU = Release|Any CPU
	EndGlobalSection
	GlobalSection(ProjectConfigurationPlatforms) = postSolution
		{EAF97D2F-8711-4EA6-822E-3EA2563F552D}.Debug|Any CPU.ActiveCfg = Debug|Any CPU
		{EAF97D2F-8711-4EA6-822E-3EA2563F552D}.Debug|Any CPU.Build.0 = Debug|Any CPU
		{EAF97D2F-8711-4EA6-822E-3EA2563F552D}.Release|Any CPU.ActiveCfg = Release|Any CPU
		{EAF97D2F-8711-4EA6-822E-3EA2563F552D}.Release|Any CPU.Build.0 = Release|Any CPU
	EndGlobalSection
	GlobalSection(SolutionProperties) = preSolution
		HideSolutionNode = FALSE
	EndGlobalSection
	GlobalSection(ExtensibilityGlobals) = postSolution
		SolutionGuid = {D22AB4B2-21DC-4C5C-B94E-0400E2DF5433}
	EndGlobalSection
EndGlobal
